// !$*UTF8*$!
{
	archiveVersion = 1;
	classes = {
	};
	objectVersion = 50;
	objects = {

/* Begin PBXBuildFile section */
		4E03843B23F0A44B00FDBEE0 /* Term.swift in Sources */ = {isa = PBXBuildFile; fileRef = 4E03843A23F0A44B00FDBEE0 /* Term.swift */; };
		4E07CC1624187CDF000F2FB3 /* TermsListViewModel.swift in Sources */ = {isa = PBXBuildFile; fileRef = 4E07CC1524187CDF000F2FB3 /* TermsListViewModel.swift */; };
		4E07CC1924187D54000F2FB3 /* TermEditingViewModel.swift in Sources */ = {isa = PBXBuildFile; fileRef = 4E07CC1824187D54000F2FB3 /* TermEditingViewModel.swift */; };
		4E0F2AC823F21CEA0065AB30 /* TermsCompleteView.swift in Sources */ = {isa = PBXBuildFile; fileRef = 4E0F2AC723F21CEA0065AB30 /* TermsCompleteView.swift */; };
		4E32167A23E8E063006B2288 /* TermEditingView.swift in Sources */ = {isa = PBXBuildFile; fileRef = 4E32167923E8E063006B2288 /* TermEditingView.swift */; };
		4E6FA16923E5152600EF4DCC /* AppDelegate.swift in Sources */ = {isa = PBXBuildFile; fileRef = 4E6FA16823E5152600EF4DCC /* AppDelegate.swift */; };
		4E6FA16B23E5152600EF4DCC /* SceneDelegate.swift in Sources */ = {isa = PBXBuildFile; fileRef = 4E6FA16A23E5152600EF4DCC /* SceneDelegate.swift */; };
		4E6FA16D23E5152600EF4DCC /* TermCreationView.swift in Sources */ = {isa = PBXBuildFile; fileRef = 4E6FA16C23E5152600EF4DCC /* TermCreationView.swift */; };
		4E6FA16F23E5152800EF4DCC /* Assets.xcassets in Resources */ = {isa = PBXBuildFile; fileRef = 4E6FA16E23E5152800EF4DCC /* Assets.xcassets */; };
		4E6FA17223E5152800EF4DCC /* Preview Assets.xcassets in Resources */ = {isa = PBXBuildFile; fileRef = 4E6FA17123E5152800EF4DCC /* Preview Assets.xcassets */; };
		4E6FA17523E5152800EF4DCC /* LaunchScreen.storyboard in Resources */ = {isa = PBXBuildFile; fileRef = 4E6FA17323E5152800EF4DCC /* LaunchScreen.storyboard */; };
		4E721F5123E7782B0034B218 /* TermsListView.swift in Sources */ = {isa = PBXBuildFile; fileRef = 4E721F5023E7782B0034B218 /* TermsListView.swift */; };
		4E86F4C22415459100E43F18 /* TermsListRowView.swift in Sources */ = {isa = PBXBuildFile; fileRef = 4E86F4C12415459100E43F18 /* TermsListRowView.swift */; };
		4E932F8F23ECF3B800997613 /* CardView.swift in Sources */ = {isa = PBXBuildFile; fileRef = 4E932F8E23ECF3B800997613 /* CardView.swift */; };
		4E932F9123ECF4F500997613 /* LearnView.swift in Sources */ = {isa = PBXBuildFile; fileRef = 4E932F9023ECF4F500997613 /* LearnView.swift */; };
		4ED2DBB32412AEA2000E1DD8 /* TermsRepository.swift in Sources */ = {isa = PBXBuildFile; fileRef = 4ED2DBB22412AEA2000E1DD8 /* TermsRepository.swift */; };
		4ED2DBB52412AEDD000E1DD8 /* JSONTermsRepository.swift in Sources */ = {isa = PBXBuildFile; fileRef = 4ED2DBB42412AEDD000E1DD8 /* JSONTermsRepository.swift */; };
		4ED6DF062411165100A062CC /* terms.json in Resources */ = {isa = PBXBuildFile; fileRef = 4ED6DF052411165100A062CC /* terms.json */; };
		4EED912A2418F09A00188351 /* LearnViewModel.swift in Sources */ = {isa = PBXBuildFile; fileRef = 4EED91292418F09A00188351 /* LearnViewModel.swift */; };
		4EED912F241910F100188351 /* CardViewModel.swift in Sources */ = {isa = PBXBuildFile; fileRef = 4EED912E241910F100188351 /* CardViewModel.swift */; };
/* End PBXBuildFile section */

/* Begin PBXContainerItemProxy section */
		4E86F4BB2415446200E43F18 /* PBXContainerItemProxy */ = {
			isa = PBXContainerItemProxy;
			containerPortal = 4E6FA15D23E5152600EF4DCC /* Project object */;
			proxyType = 1;
			remoteGlobalIDString = 4E6FA16423E5152600EF4DCC;
			remoteInfo = qwizzard;
		};
/* End PBXContainerItemProxy section */

/* Begin PBXFileReference section */
		4E03843A23F0A44B00FDBEE0 /* Term.swift */ = {isa = PBXFileReference; lastKnownFileType = sourcecode.swift; path = Term.swift; sourceTree = "<group>"; };
		4E07CC1524187CDF000F2FB3 /* TermsListViewModel.swift */ = {isa = PBXFileReference; lastKnownFileType = sourcecode.swift; path = TermsListViewModel.swift; sourceTree = "<group>"; };
		4E07CC1824187D54000F2FB3 /* TermEditingViewModel.swift */ = {isa = PBXFileReference; lastKnownFileType = sourcecode.swift; path = TermEditingViewModel.swift; sourceTree = "<group>"; };
		4E0F2AC723F21CEA0065AB30 /* TermsCompleteView.swift */ = {isa = PBXFileReference; lastKnownFileType = sourcecode.swift; path = TermsCompleteView.swift; sourceTree = "<group>"; };
		4E32167923E8E063006B2288 /* TermEditingView.swift */ = {isa = PBXFileReference; lastKnownFileType = sourcecode.swift; path = TermEditingView.swift; sourceTree = "<group>"; };
		4E6FA16523E5152600EF4DCC /* qwizzard.app */ = {isa = PBXFileReference; explicitFileType = wrapper.application; includeInIndex = 0; path = qwizzard.app; sourceTree = BUILT_PRODUCTS_DIR; };
		4E6FA16823E5152600EF4DCC /* AppDelegate.swift */ = {isa = PBXFileReference; lastKnownFileType = sourcecode.swift; path = AppDelegate.swift; sourceTree = "<group>"; };
		4E6FA16A23E5152600EF4DCC /* SceneDelegate.swift */ = {isa = PBXFileReference; lastKnownFileType = sourcecode.swift; path = SceneDelegate.swift; sourceTree = "<group>"; };
		4E6FA16C23E5152600EF4DCC /* TermCreationView.swift */ = {isa = PBXFileReference; lastKnownFileType = sourcecode.swift; path = TermCreationView.swift; sourceTree = "<group>"; };
		4E6FA16E23E5152800EF4DCC /* Assets.xcassets */ = {isa = PBXFileReference; lastKnownFileType = folder.assetcatalog; path = Assets.xcassets; sourceTree = "<group>"; };
		4E6FA17123E5152800EF4DCC /* Preview Assets.xcassets */ = {isa = PBXFileReference; lastKnownFileType = folder.assetcatalog; path = "Preview Assets.xcassets"; sourceTree = "<group>"; };
		4E6FA17423E5152800EF4DCC /* Base */ = {isa = PBXFileReference; lastKnownFileType = file.storyboard; name = Base; path = Base.lproj/LaunchScreen.storyboard; sourceTree = "<group>"; };
		4E6FA17623E5152800EF4DCC /* Info.plist */ = {isa = PBXFileReference; lastKnownFileType = text.plist.xml; path = Info.plist; sourceTree = "<group>"; };
		4E721F5023E7782B0034B218 /* TermsListView.swift */ = {isa = PBXFileReference; lastKnownFileType = sourcecode.swift; path = TermsListView.swift; sourceTree = "<group>"; };
		4E86F4B62415446200E43F18 /* qwizzardTests.xctest */ = {isa = PBXFileReference; explicitFileType = wrapper.cfbundle; includeInIndex = 0; path = qwizzardTests.xctest; sourceTree = BUILT_PRODUCTS_DIR; };
		4E86F4BA2415446200E43F18 /* Info.plist */ = {isa = PBXFileReference; lastKnownFileType = text.plist.xml; path = Info.plist; sourceTree = "<group>"; };
		4E86F4C12415459100E43F18 /* TermsListRowView.swift */ = {isa = PBXFileReference; lastKnownFileType = sourcecode.swift; path = TermsListRowView.swift; sourceTree = "<group>"; };
		4E932F8E23ECF3B800997613 /* CardView.swift */ = {isa = PBXFileReference; lastKnownFileType = sourcecode.swift; path = CardView.swift; sourceTree = "<group>"; };
		4E932F9023ECF4F500997613 /* LearnView.swift */ = {isa = PBXFileReference; lastKnownFileType = sourcecode.swift; path = LearnView.swift; sourceTree = "<group>"; };
		4ED2DBB22412AEA2000E1DD8 /* TermsRepository.swift */ = {isa = PBXFileReference; lastKnownFileType = sourcecode.swift; path = TermsRepository.swift; sourceTree = "<group>"; };
		4ED2DBB42412AEDD000E1DD8 /* JSONTermsRepository.swift */ = {isa = PBXFileReference; lastKnownFileType = sourcecode.swift; path = JSONTermsRepository.swift; sourceTree = "<group>"; };
		4ED6DF052411165100A062CC /* terms.json */ = {isa = PBXFileReference; lastKnownFileType = text.json; path = terms.json; sourceTree = "<group>"; };
		4EED91292418F09A00188351 /* LearnViewModel.swift */ = {isa = PBXFileReference; lastKnownFileType = sourcecode.swift; path = LearnViewModel.swift; sourceTree = "<group>"; };
		4EED912E241910F100188351 /* CardViewModel.swift */ = {isa = PBXFileReference; lastKnownFileType = sourcecode.swift; path = CardViewModel.swift; sourceTree = "<group>"; };
/* End PBXFileReference section */

/* Begin PBXFrameworksBuildPhase section */
		4E6FA16223E5152600EF4DCC /* Frameworks */ = {
			isa = PBXFrameworksBuildPhase;
			buildActionMask = 2147483647;
			files = (
			);
			runOnlyForDeploymentPostprocessing = 0;
		};
		4E86F4B32415446200E43F18 /* Frameworks */ = {
			isa = PBXFrameworksBuildPhase;
			buildActionMask = 2147483647;
			files = (
			);
			runOnlyForDeploymentPostprocessing = 0;
		};
/* End PBXFrameworksBuildPhase section */

/* Begin PBXGroup section */
		4E07CC1724187D35000F2FB3 /* TermEditingView */ = {
			isa = PBXGroup;
			children = (
				4E32167923E8E063006B2288 /* TermEditingView.swift */,
				4E07CC1824187D54000F2FB3 /* TermEditingViewModel.swift */,
			);
			path = TermEditingView;
			sourceTree = "<group>";
		};
		4E6FA15C23E5152600EF4DCC = {
			isa = PBXGroup;
			children = (
				4E6FA16723E5152600EF4DCC /* qwizzard */,
				4E86F4B72415446200E43F18 /* qwizzardTests */,
				4E6FA16623E5152600EF4DCC /* Products */,
			);
			sourceTree = "<group>";
		};
		4E6FA16623E5152600EF4DCC /* Products */ = {
			isa = PBXGroup;
			children = (
				4E6FA16523E5152600EF4DCC /* qwizzard.app */,
				4E86F4B62415446200E43F18 /* qwizzardTests.xctest */,
			);
			name = Products;
			sourceTree = "<group>";
		};
		4E6FA16723E5152600EF4DCC /* qwizzard */ = {
			isa = PBXGroup;
			children = (
				4EED912B2418F26A00188351 /* Models */,
				4E6FA16823E5152600EF4DCC /* AppDelegate.swift */,
				4E6FA16A23E5152600EF4DCC /* SceneDelegate.swift */,
				4E6FA16C23E5152600EF4DCC /* TermCreationView.swift */,
				4E6FA16E23E5152800EF4DCC /* Assets.xcassets */,
				4E6FA17323E5152800EF4DCC /* LaunchScreen.storyboard */,
				4E6FA17623E5152800EF4DCC /* Info.plist */,
				4E6FA17023E5152800EF4DCC /* Preview Content */,
				4EED912C2418F2C200188351 /* Views */,
				4ED6DF052411165100A062CC /* terms.json */,
			);
			path = qwizzard;
			sourceTree = "<group>";
		};
		4E6FA17023E5152800EF4DCC /* Preview Content */ = {
			isa = PBXGroup;
			children = (
				4E6FA17123E5152800EF4DCC /* Preview Assets.xcassets */,
			);
			path = "Preview Content";
			sourceTree = "<group>";
		};
		4E86F4B72415446200E43F18 /* qwizzardTests */ = {
			isa = PBXGroup;
			children = (
				4E86F4BA2415446200E43F18 /* Info.plist */,
			);
			path = qwizzardTests;
			sourceTree = "<group>";
		};
		4E86F4C3241545DF00E43F18 /* TermsListView */ = {
			isa = PBXGroup;
			children = (
				4E721F5023E7782B0034B218 /* TermsListView.swift */,
				4E86F4C12415459100E43F18 /* TermsListRowView.swift */,
				4E07CC1524187CDF000F2FB3 /* TermsListViewModel.swift */,
			);
			path = TermsListView;
			sourceTree = "<group>";
		};
		4EED91282418F07E00188351 /* LearnView */ = {
			isa = PBXGroup;
			children = (
				4E0F2AC723F21CEA0065AB30 /* TermsCompleteView.swift */,
				4E932F9023ECF4F500997613 /* LearnView.swift */,
				4EED91292418F09A00188351 /* LearnViewModel.swift */,
			);
			path = LearnView;
			sourceTree = "<group>";
		};
		4EED912B2418F26A00188351 /* Models */ = {
			isa = PBXGroup;
			children = (
				4E03843A23F0A44B00FDBEE0 /* Term.swift */,
				4ED2DBB22412AEA2000E1DD8 /* TermsRepository.swift */,
				4ED2DBB42412AEDD000E1DD8 /* JSONTermsRepository.swift */,
			);
			path = Models;
			sourceTree = "<group>";
		};
		4EED912C2418F2C200188351 /* Views */ = {
			isa = PBXGroup;
			children = (
				4E86F4C3241545DF00E43F18 /* TermsListView */,
				4E07CC1724187D35000F2FB3 /* TermEditingView */,
				4EED912D241910DB00188351 /* CardView */,
				4EED91282418F07E00188351 /* LearnView */,
			);
			path = Views;
			sourceTree = "<group>";
		};
		4EED912D241910DB00188351 /* CardView */ = {
			isa = PBXGroup;
			children = (
				4E932F8E23ECF3B800997613 /* CardView.swift */,
				4EED912E241910F100188351 /* CardViewModel.swift */,
			);
			path = CardView;
			sourceTree = "<group>";
		};
/* End PBXGroup section */

/* Begin PBXNativeTarget section */
		4E6FA16423E5152600EF4DCC /* qwizzard */ = {
			isa = PBXNativeTarget;
			buildConfigurationList = 4E6FA17923E5152800EF4DCC /* Build configuration list for PBXNativeTarget "qwizzard" */;
			buildPhases = (
				4E6FA16123E5152600EF4DCC /* Sources */,
				4E6FA16223E5152600EF4DCC /* Frameworks */,
				4E6FA16323E5152600EF4DCC /* Resources */,
			);
			buildRules = (
			);
			dependencies = (
			);
			name = qwizzard;
			productName = qwizzard;
			productReference = 4E6FA16523E5152600EF4DCC /* qwizzard.app */;
			productType = "com.apple.product-type.application";
		};
		4E86F4B52415446200E43F18 /* qwizzardTests */ = {
			isa = PBXNativeTarget;
			buildConfigurationList = 4E86F4BF2415446200E43F18 /* Build configuration list for PBXNativeTarget "qwizzardTests" */;
			buildPhases = (
				4E86F4B22415446200E43F18 /* Sources */,
				4E86F4B32415446200E43F18 /* Frameworks */,
				4E86F4B42415446200E43F18 /* Resources */,
			);
			buildRules = (
			);
			dependencies = (
				4E86F4BC2415446200E43F18 /* PBXTargetDependency */,
			);
			name = qwizzardTests;
			productName = qwizzardTests;
			productReference = 4E86F4B62415446200E43F18 /* qwizzardTests.xctest */;
			productType = "com.apple.product-type.bundle.unit-test";
		};
/* End PBXNativeTarget section */

/* Begin PBXProject section */
		4E6FA15D23E5152600EF4DCC /* Project object */ = {
			isa = PBXProject;
			attributes = {
				LastSwiftUpdateCheck = 1130;
				LastUpgradeCheck = 1130;
				ORGANIZATIONNAME = "Jerome Gamo";
				TargetAttributes = {
					4E6FA16423E5152600EF4DCC = {
						CreatedOnToolsVersion = 11.3.1;
					};
					4E86F4B52415446200E43F18 = {
						CreatedOnToolsVersion = 11.3.1;
						TestTargetID = 4E6FA16423E5152600EF4DCC;
					};
				};
			};
			buildConfigurationList = 4E6FA16023E5152600EF4DCC /* Build configuration list for PBXProject "qwizzard" */;
			compatibilityVersion = "Xcode 9.3";
			developmentRegion = en;
			hasScannedForEncodings = 0;
			knownRegions = (
				en,
				Base,
			);
			mainGroup = 4E6FA15C23E5152600EF4DCC;
			productRefGroup = 4E6FA16623E5152600EF4DCC /* Products */;
			projectDirPath = "";
			projectRoot = "";
			targets = (
				4E6FA16423E5152600EF4DCC /* qwizzard */,
				4E86F4B52415446200E43F18 /* qwizzardTests */,
			);
		};
/* End PBXProject section */

/* Begin PBXResourcesBuildPhase section */
		4E6FA16323E5152600EF4DCC /* Resources */ = {
			isa = PBXResourcesBuildPhase;
			buildActionMask = 2147483647;
			files = (
				4E6FA17523E5152800EF4DCC /* LaunchScreen.storyboard in Resources */,
				4ED6DF062411165100A062CC /* terms.json in Resources */,
				4E6FA17223E5152800EF4DCC /* Preview Assets.xcassets in Resources */,
				4E6FA16F23E5152800EF4DCC /* Assets.xcassets in Resources */,
			);
			runOnlyForDeploymentPostprocessing = 0;
		};
		4E86F4B42415446200E43F18 /* Resources */ = {
			isa = PBXResourcesBuildPhase;
			buildActionMask = 2147483647;
			files = (
			);
			runOnlyForDeploymentPostprocessing = 0;
		};
/* End PBXResourcesBuildPhase section */

/* Begin PBXSourcesBuildPhase section */
		4E6FA16123E5152600EF4DCC /* Sources */ = {
			isa = PBXSourcesBuildPhase;
			buildActionMask = 2147483647;
			files = (
				4E932F9123ECF4F500997613 /* LearnView.swift in Sources */,
				4ED2DBB32412AEA2000E1DD8 /* TermsRepository.swift in Sources */,
				4E6FA16923E5152600EF4DCC /* AppDelegate.swift in Sources */,
				4EED912A2418F09A00188351 /* LearnViewModel.swift in Sources */,
				4EED912F241910F100188351 /* CardViewModel.swift in Sources */,
				4E86F4C22415459100E43F18 /* TermsListRowView.swift in Sources */,
				4E0F2AC823F21CEA0065AB30 /* TermsCompleteView.swift in Sources */,
				4E32167A23E8E063006B2288 /* TermEditingView.swift in Sources */,
				4E07CC1624187CDF000F2FB3 /* TermsListViewModel.swift in Sources */,
				4E721F5123E7782B0034B218 /* TermsListView.swift in Sources */,
				4E6FA16B23E5152600EF4DCC /* SceneDelegate.swift in Sources */,
				4ED2DBB52412AEDD000E1DD8 /* JSONTermsRepository.swift in Sources */,
				4E03843B23F0A44B00FDBEE0 /* Term.swift in Sources */,
				4E932F8F23ECF3B800997613 /* CardView.swift in Sources */,
				4E6FA16D23E5152600EF4DCC /* TermCreationView.swift in Sources */,
				4E07CC1924187D54000F2FB3 /* TermEditingViewModel.swift in Sources */,
			);
			runOnlyForDeploymentPostprocessing = 0;
		};
		4E86F4B22415446200E43F18 /* Sources */ = {
			isa = PBXSourcesBuildPhase;
			buildActionMask = 2147483647;
			files = (
			);
			runOnlyForDeploymentPostprocessing = 0;
		};
/* End PBXSourcesBuildPhase section */

/* Begin PBXTargetDependency section */
		4E86F4BC2415446200E43F18 /* PBXTargetDependency */ = {
			isa = PBXTargetDependency;
			target = 4E6FA16423E5152600EF4DCC /* qwizzard */;
			targetProxy = 4E86F4BB2415446200E43F18 /* PBXContainerItemProxy */;
		};
/* End PBXTargetDependency section */

/* Begin PBXVariantGroup section */
		4E6FA17323E5152800EF4DCC /* LaunchScreen.storyboard */ = {
			isa = PBXVariantGroup;
			children = (
				4E6FA17423E5152800EF4DCC /* Base */,
			);
			name = LaunchScreen.storyboard;
			sourceTree = "<group>";
		};
/* End PBXVariantGroup section */

/* Begin XCBuildConfiguration section */
		4E6FA17723E5152800EF4DCC /* Debug */ = {
			isa = XCBuildConfiguration;
			buildSettings = {
				ALWAYS_SEARCH_USER_PATHS = NO;
				CLANG_ANALYZER_NONNULL = YES;
				CLANG_ANALYZER_NUMBER_OBJECT_CONVERSION = YES_AGGRESSIVE;
				CLANG_CXX_LANGUAGE_STANDARD = "gnu++14";
				CLANG_CXX_LIBRARY = "libc++";
				CLANG_ENABLE_MODULES = YES;
				CLANG_ENABLE_OBJC_ARC = YES;
				CLANG_ENABLE_OBJC_WEAK = YES;
				CLANG_WARN_BLOCK_CAPTURE_AUTORELEASING = YES;
				CLANG_WARN_BOOL_CONVERSION = YES;
				CLANG_WARN_COMMA = YES;
				CLANG_WARN_CONSTANT_CONVERSION = YES;
				CLANG_WARN_DEPRECATED_OBJC_IMPLEMENTATIONS = YES;
				CLANG_WARN_DIRECT_OBJC_ISA_USAGE = YES_ERROR;
				CLANG_WARN_DOCUMENTATION_COMMENTS = YES;
				CLANG_WARN_EMPTY_BODY = YES;
				CLANG_WARN_ENUM_CONVERSION = YES;
				CLANG_WARN_INFINITE_RECURSION = YES;
				CLANG_WARN_INT_CONVERSION = YES;
				CLANG_WARN_NON_LITERAL_NULL_CONVERSION = YES;
				CLANG_WARN_OBJC_IMPLICIT_RETAIN_SELF = YES;
				CLANG_WARN_OBJC_LITERAL_CONVERSION = YES;
				CLANG_WARN_OBJC_ROOT_CLASS = YES_ERROR;
				CLANG_WARN_RANGE_LOOP_ANALYSIS = YES;
				CLANG_WARN_STRICT_PROTOTYPES = YES;
				CLANG_WARN_SUSPICIOUS_MOVE = YES;
				CLANG_WARN_UNGUARDED_AVAILABILITY = YES_AGGRESSIVE;
				CLANG_WARN_UNREACHABLE_CODE = YES;
				CLANG_WARN__DUPLICATE_METHOD_MATCH = YES;
				COPY_PHASE_STRIP = NO;
				DEBUG_INFORMATION_FORMAT = dwarf;
				ENABLE_STRICT_OBJC_MSGSEND = YES;
				ENABLE_TESTABILITY = YES;
				GCC_C_LANGUAGE_STANDARD = gnu11;
				GCC_DYNAMIC_NO_PIC = NO;
				GCC_NO_COMMON_BLOCKS = YES;
				GCC_OPTIMIZATION_LEVEL = 0;
				GCC_PREPROCESSOR_DEFINITIONS = (
					"DEBUG=1",
					"$(inherited)",
				);
				GCC_WARN_64_TO_32_BIT_CONVERSION = YES;
				GCC_WARN_ABOUT_RETURN_TYPE = YES_ERROR;
				GCC_WARN_UNDECLARED_SELECTOR = YES;
				GCC_WARN_UNINITIALIZED_AUTOS = YES_AGGRESSIVE;
				GCC_WARN_UNUSED_FUNCTION = YES;
				GCC_WARN_UNUSED_VARIABLE = YES;
				IPHONEOS_DEPLOYMENT_TARGET = 13.2;
				MTL_ENABLE_DEBUG_INFO = INCLUDE_SOURCE;
				MTL_FAST_MATH = YES;
				ONLY_ACTIVE_ARCH = YES;
				SDKROOT = iphoneos;
				SWIFT_ACTIVE_COMPILATION_CONDITIONS = DEBUG;
				SWIFT_OPTIMIZATION_LEVEL = "-Onone";
			};
			name = Debug;
		};
		4E6FA17823E5152800EF4DCC /* Release */ = {
			isa = XCBuildConfiguration;
			buildSettings = {
				ALWAYS_SEARCH_USER_PATHS = NO;
				CLANG_ANALYZER_NONNULL = YES;
				CLANG_ANALYZER_NUMBER_OBJECT_CONVERSION = YES_AGGRESSIVE;
				CLANG_CXX_LANGUAGE_STANDARD = "gnu++14";
				CLANG_CXX_LIBRARY = "libc++";
				CLANG_ENABLE_MODULES = YES;
				CLANG_ENABLE_OBJC_ARC = YES;
				CLANG_ENABLE_OBJC_WEAK = YES;
				CLANG_WARN_BLOCK_CAPTURE_AUTORELEASING = YES;
				CLANG_WARN_BOOL_CONVERSION = YES;
				CLANG_WARN_COMMA = YES;
				CLANG_WARN_CONSTANT_CONVERSION = YES;
				CLANG_WARN_DEPRECATED_OBJC_IMPLEMENTATIONS = YES;
				CLANG_WARN_DIRECT_OBJC_ISA_USAGE = YES_ERROR;
				CLANG_WARN_DOCUMENTATION_COMMENTS = YES;
				CLANG_WARN_EMPTY_BODY = YES;
				CLANG_WARN_ENUM_CONVERSION = YES;
				CLANG_WARN_INFINITE_RECURSION = YES;
				CLANG_WARN_INT_CONVERSION = YES;
				CLANG_WARN_NON_LITERAL_NULL_CONVERSION = YES;
				CLANG_WARN_OBJC_IMPLICIT_RETAIN_SELF = YES;
				CLANG_WARN_OBJC_LITERAL_CONVERSION = YES;
				CLANG_WARN_OBJC_ROOT_CLASS = YES_ERROR;
				CLANG_WARN_RANGE_LOOP_ANALYSIS = YES;
				CLANG_WARN_STRICT_PROTOTYPES = YES;
				CLANG_WARN_SUSPICIOUS_MOVE = YES;
				CLANG_WARN_UNGUARDED_AVAILABILITY = YES_AGGRESSIVE;
				CLANG_WARN_UNREACHABLE_CODE = YES;
				CLANG_WARN__DUPLICATE_METHOD_MATCH = YES;
				COPY_PHASE_STRIP = NO;
				DEBUG_INFORMATION_FORMAT = "dwarf-with-dsym";
				ENABLE_NS_ASSERTIONS = NO;
				ENABLE_STRICT_OBJC_MSGSEND = YES;
				GCC_C_LANGUAGE_STANDARD = gnu11;
				GCC_NO_COMMON_BLOCKS = YES;
				GCC_WARN_64_TO_32_BIT_CONVERSION = YES;
				GCC_WARN_ABOUT_RETURN_TYPE = YES_ERROR;
				GCC_WARN_UNDECLARED_SELECTOR = YES;
				GCC_WARN_UNINITIALIZED_AUTOS = YES_AGGRESSIVE;
				GCC_WARN_UNUSED_FUNCTION = YES;
				GCC_WARN_UNUSED_VARIABLE = YES;
				IPHONEOS_DEPLOYMENT_TARGET = 13.2;
				MTL_ENABLE_DEBUG_INFO = NO;
				MTL_FAST_MATH = YES;
				SDKROOT = iphoneos;
				SWIFT_COMPILATION_MODE = wholemodule;
				SWIFT_OPTIMIZATION_LEVEL = "-O";
				VALIDATE_PRODUCT = YES;
			};
			name = Release;
		};
		4E6FA17A23E5152800EF4DCC /* Debug */ = {
			isa = XCBuildConfiguration;
			buildSettings = {
				ASSETCATALOG_COMPILER_APPICON_NAME = AppIcon;
				CODE_SIGN_STYLE = Automatic;
				DEVELOPMENT_ASSET_PATHS = "\"qwizzard/Preview Content\"";
				DEVELOPMENT_TEAM = AS6K7BPH49;
				ENABLE_PREVIEWS = YES;
				INFOPLIST_FILE = qwizzard/Info.plist;
				LD_RUNPATH_SEARCH_PATHS = (
					"$(inherited)",
					"@executable_path/Frameworks",
				);
				PRODUCT_BUNDLE_IDENTIFIER = jeromegamo.qwizzard;
				PRODUCT_NAME = "$(TARGET_NAME)";
				SWIFT_VERSION = 5.0;
				TARGETED_DEVICE_FAMILY = "1,2";
			};
			name = Debug;
		};
		4E6FA17B23E5152800EF4DCC /* Release */ = {
			isa = XCBuildConfiguration;
			buildSettings = {
				ASSETCATALOG_COMPILER_APPICON_NAME = AppIcon;
				CODE_SIGN_STYLE = Automatic;
				DEVELOPMENT_ASSET_PATHS = "\"qwizzard/Preview Content\"";
				DEVELOPMENT_TEAM = AS6K7BPH49;
				ENABLE_PREVIEWS = YES;
				INFOPLIST_FILE = qwizzard/Info.plist;
				LD_RUNPATH_SEARCH_PATHS = (
					"$(inherited)",
					"@executable_path/Frameworks",
				);
				PRODUCT_BUNDLE_IDENTIFIER = jeromegamo.qwizzard;
				PRODUCT_NAME = "$(TARGET_NAME)";
				SWIFT_VERSION = 5.0;
				TARGETED_DEVICE_FAMILY = "1,2";
			};
			name = Release;
		};
		4E86F4BD2415446200E43F18 /* Debug */ = {
			isa = XCBuildConfiguration;
			buildSettings = {
				BUNDLE_LOADER = "$(TEST_HOST)";
				CODE_SIGN_STYLE = Automatic;
				DEVELOPMENT_TEAM = AS6K7BPH49;
				INFOPLIST_FILE = qwizzardTests/Info.plist;
				LD_RUNPATH_SEARCH_PATHS = (
					"$(inherited)",
					"@executable_path/Frameworks",
					"@loader_path/Frameworks",
				);
				PRODUCT_BUNDLE_IDENTIFIER = jeromegamo.qwizzardTests;
				PRODUCT_NAME = "$(TARGET_NAME)";
				SWIFT_VERSION = 5.0;
				TARGETED_DEVICE_FAMILY = "1,2";
				TEST_HOST = "$(BUILT_PRODUCTS_DIR)/qwizzard.app/qwizzard";
			};
			name = Debug;
		};
		4E86F4BE2415446200E43F18 /* Release */ = {
			isa = XCBuildConfiguration;
			buildSettings = {
				BUNDLE_LOADER = "$(TEST_HOST)";
				CODE_SIGN_STYLE = Automatic;
				DEVELOPMENT_TEAM = AS6K7BPH49;
				INFOPLIST_FILE = qwizzardTests/Info.plist;
				LD_RUNPATH_SEARCH_PATHS = (
					"$(inherited)",
					"@executable_path/Frameworks",
					"@loader_path/Frameworks",
				);
				PRODUCT_BUNDLE_IDENTIFIER = jeromegamo.qwizzardTests;
				PRODUCT_NAME = "$(TARGET_NAME)";
				SWIFT_VERSION = 5.0;
				TARGETED_DEVICE_FAMILY = "1,2";
				TEST_HOST = "$(BUILT_PRODUCTS_DIR)/qwizzard.app/qwizzard";
			};
			name = Release;
		};
/* End XCBuildConfiguration section */

/* Begin XCConfigurationList section */
		4E6FA16023E5152600EF4DCC /* Build configuration list for PBXProject "qwizzard" */ = {
			isa = XCConfigurationList;
			buildConfigurations = (
				4E6FA17723E5152800EF4DCC /* Debug */,
				4E6FA17823E5152800EF4DCC /* Release */,
			);
			defaultConfigurationIsVisible = 0;
			defaultConfigurationName = Release;
		};
		4E6FA17923E5152800EF4DCC /* Build configuration list for PBXNativeTarget "qwizzard" */ = {
			isa = XCConfigurationList;
			buildConfigurations = (
				4E6FA17A23E5152800EF4DCC /* Debug */,
				4E6FA17B23E5152800EF4DCC /* Release */,
			);
			defaultConfigurationIsVisible = 0;
			defaultConfigurationName = Release;
		};
		4E86F4BF2415446200E43F18 /* Build configuration list for PBXNativeTarget "qwizzardTests" */ = {
			isa = XCConfigurationList;
			buildConfigurations = (
				4E86F4BD2415446200E43F18 /* Debug */,
				4E86F4BE2415446200E43F18 /* Release */,
			);
			defaultConfigurationIsVisible = 0;
			defaultConfigurationName = Release;
		};
/* End XCConfigurationList section */
	};
	rootObject = 4E6FA15D23E5152600EF4DCC /* Project object */;
}
